PODS:
  - Capacitor (8.4.1):
    - CapacitorCordova
  - CapacitorCordova (8.4.1)
  - CapacitorSplashScreen (8.0.1):
    - Capacitor
  - CapacitorStatusBar (8.0.2):
    - Capacitor

DEPENDENCIES:
  - "Capacitor (from `../../node_modules/.pnpm/@capacitor+ios@8.4.1_@capacitor+core@8.4.1/node_modules/@capacitor/ios`)"
  - "CapacitorCordova (from `../../node_modules/.pnpm/@capacitor+ios@8.4.1_@capacitor+core@8.4.1/node_modules/@capacitor/ios`)"
  - "CapacitorSplashScreen (from `../../node_modules/.pnpm/@capacitor+splash-screen@8.0.1_@capacitor+core@8.4.1/node_modules/@capacitor/splash-screen`)"
  - "CapacitorStatusBar (from `../../node_modules/.pnpm/@capacitor+status-bar@8.0.2_@capacitor+core@8.4.1/node_modules/@capacitor/status-bar`)"

EXTERNAL SOURCES:
  Capacitor:
    :path: "../../node_modules/.pnpm/@capacitor+ios@8.4.1_@capacitor+core@8.4.1/node_modules/@capacitor/ios"
  CapacitorCordova:
    :path: "../../node_modules/.pnpm/@capacitor+ios@8.4.1_@capacitor+core@8.4.1/node_modules/@capacitor/ios"
  CapacitorSplashScreen:
    :path: "../../node_modules/.pnpm/@capacitor+splash-screen@8.0.1_@capacitor+core@8.4.1/node_modules/@capacitor/splash-screen"
  CapacitorStatusBar:
    :path: "../../node_modules/.pnpm/@capacitor+status-bar@8.0.2_@capacitor+core@8.4.1/node_modules/@capacitor/status-bar"

SPEC CHECKSUMS:
  Capacitor: 35242afe195b1e53c58ca1b827d1b444c5e6602b
  CapacitorCordova: eebe6bcf807b1b06f3f48237650f96bbcd0eef09
  CapacitorSplashScreen: 4b46c72298db552b3c57ce021ef028b6dc7f1fa7
  CapacitorStatusBar: 01d5763b4ed720de5ce2edbc938de6a98f4c8f32

PODFILE CHECKSUM: 4be4ce09bcfacabfddd1dff26bf744879c0e1537

COCOAPODS: 1.17.0
