# Host-only dependencies for ops/backup_to_b2.py.
#
# Keep every direct and transitive dependency pinned and hashed. The operations
# installer uses --require-hashes and --only-binary so a replacement VPS cannot
# silently resolve a different dependency graph.
boto3==1.43.48 \
    --hash=sha256:5866f8a99877342db130e7236a8048b63d3d8e74c46d4ef101771350019bd3df
botocore==1.43.48 \
    --hash=sha256:cc9b4e925c1913d662194507f4f9b37aa744dcd2361af31c013672eafe824490
jmespath==1.1.0 \
    --hash=sha256:a5663118de4908c91729bea0acadca56526eb2698e83de10cd116ae0f4e97c64
python-dateutil==2.9.0.post0 \
    --hash=sha256:a8b2bc7bffae282281c8140a97d3aa9c14da0b136dfe83f850eea9a5f7470427
s3transfer==0.19.1 \
    --hash=sha256:d5fd7005ee39307455ad5f310b5ea67f4b1960d7fed5b3671ee50c249de675de
six==1.17.0 \
    --hash=sha256:4721f391ed90541fddacab5acf947aa0d3dc7d27b2e1e8eda2be8970586c3274
urllib3==2.7.0 \
    --hash=sha256:9fb4c81ebbb1ce9531cce37674bbc6f1360472bc18ca9a553ede278ef7276897
